
Microsoft Visual Studio Solution File, Format Version 12.00
# Visual Studio 2013
VisualStudioVersion = 12.0.21005.1
MinimumVisualStudioVersion = 10.0.40219.1
Project("{FAE04EC0-301F-11D3-BF4B-00C04F79EFBC}") = "quanlisinhvien", "quanlisinhvien\quanlisinhvien.csproj", "{04D038F7-16D5-4B5D-9171-4A228754AB84}"
EndProject
Project("{2150E333-8FDC-42A3-9474-1A3956D46DE8}") = ".nuget", ".nuget", "{14CA48A1-9102-46B1-8C57-0A3EC3626649}"
	ProjectSection(SolutionItems) = preProject
		.nuget\NuGet.Config = .nuget\NuGet.Config
		.nuget\NuGet.exe = .nuget\NuGet.exe
		.nuget\NuGet.targets = .nuget\NuGet.targets
	EndProjectSection
EndProject
Global
	GlobalSection(SolutionConfigurationPlatforms) = preSolution
		Debug|Any CPU = Debug|Any CPU
		Release|Any CPU = Release|Any CPU
	EndGlobalSection
	GlobalSection(ProjectConfigurationPlatforms) = postSolution
		{04D038F7-16D5-4B5D-9171-4A228754AB84}.Debug|Any CPU.ActiveCfg = Debug|Any CPU
		{04D038F7-16D5-4B5D-9171-4A228754AB84}.Debug|Any CPU.Build.0 = Debug|Any CPU
		{04D038F7-16D5-4B5D-9171-4A228754AB84}.Release|Any CPU.ActiveCfg = Release|Any CPU
		{04D038F7-16D5-4B5D-9171-4A228754AB84}.Release|Any CPU.Build.0 = Release|Any CPU
	EndGlobalSection
	GlobalSection(SolutionProperties) = preSolution
		HideSolutionNode = FALSE
	EndGlobalSection
EndGlobal
